
Microsoft Visual Studio Solution File, Format Version 12.00
# Visual Studio Version 17
VisualStudioVersion = 17.4.33205.214
MinimumVisualStudioVersion = 10.0.40219.1
Project("{FAE04EC0-301F-11D3-BF4B-00C04F79EFBC}") = "AesCryptography", "AesCryptography\AesCryptography.csproj", "{2EB88F1F-B2F0-42AA-96BC-D7A60F109351}"
EndProject
Global
	GlobalSection(SolutionConfigurationPlatforms) = preSolution
		Debug|Any CPU = Debug|Any CPU
		Release|Any CPU = Release|Any CPU
	EndGlobalSection
	GlobalSection(ProjectConfigurationPlatforms) = postSolution
		{2EB88F1F-B2F0-42AA-96BC-D7A60F109351}.Debug|Any CPU.ActiveCfg = Debug|Any CPU
		{2EB88F1F-B2F0-42AA-96BC-D7A60F109351}.Debug|Any CPU.Build.0 = Debug|Any CPU
		{2EB88F1F-B2F0-42AA-96BC-D7A60F109351}.Release|Any CPU.ActiveCfg = Release|Any CPU
		{2EB88F1F-B2F0-42AA-96BC-D7A60F109351}.Release|Any CPU.Build.0 = Release|Any CPU
	EndGlobalSection
	GlobalSection(SolutionProperties) = preSolution
		HideSolutionNode = FALSE
	EndGlobalSection
	GlobalSection(ExtensibilityGlobals) = postSolution
		SolutionGuid = {4D48F7E8-3313-4269-9116-7A5FEDB972FF}
	EndGlobalSection
EndGlobal
